PODS:
  - NSRails (2.2):
    - NSRails/NSRails (= 2.2)
  - NSRails/NSRails (2.2)

DEPENDENCIES:
  - NSRails (from `https://github.com/dingbat/nsrails.git`)

EXTERNAL SOURCES:
  NSRails:
    :git: https://github.com/dingbat/nsrails.git

CHECKOUT OPTIONS:
  NSRails:
    :commit: 3fdca7fef90be90224d5a1429329981b9479ee10
    :git: https://github.com/dingbat/nsrails.git

SPEC CHECKSUMS:
  NSRails: b5c5e9e542c6e966b5011d51218a3bee9453069c

COCOAPODS: 0.35.0
