<?xml version="1.0" encoding="UTF-8"?>
<!DOCTYPE plist PUBLIC "-//Apple//DTD PLIST 1.0//EN" "http://www.apple.com/DTDs/PropertyList-1.0.dtd">
<plist version="1.0">
<dict>
	<key>archiveVersion</key>
	<string>1</string>
	<key>classes</key>
	<dict/>
	<key>objectVersion</key>
	<string>46</string>
	<key>objects</key>
	<dict>
		<key>0449FE6C0AB6BA4C6E143CCC</key>
		<dict>
			<key>includeInIndex</key>
			<string>1</string>
			<key>isa</key>
			<string>PBXFileReference</string>
			<key>lastKnownFileType</key>
			<string>text.xcconfig</string>
			<key>name</key>
			<string>Pods-PhotoSnsApp.debug.xcconfig</string>
			<key>path</key>
			<string>Pods/Target Support Files/Pods-PhotoSnsApp/Pods-PhotoSnsApp.debug.xcconfig</string>
			<key>sourceTree</key>
			<string>&lt;group&gt;</string>
		</dict>
		<key>1B5B9607195CF70A006827F1</key>
		<dict>
			<key>children</key>
			<array>
				<string>1B5B9619195CF70A006827F1</string>
				<string>1B5B9638195CF70A006827F1</string>
				<string>1B5B9612195CF70A006827F1</string>
				<string>1B5B9611195CF70A006827F1</string>
				<string>7CB79D561AAD9FCAEB60796D</string>
			</array>
			<key>isa</key>
			<string>PBXGroup</string>
			<key>sourceTree</key>
			<string>&lt;group&gt;</string>
		</dict>
		<key>1B5B9608195CF70A006827F1</key>
		<dict>
			<key>attributes</key>
			<dict>
				<key>LastUpgradeCheck</key>
				<string>0510</string>
				<key>ORGANIZATIONNAME</key>
				<string>Yuumi Yoshida</string>
				<key>TargetAttributes</key>
				<dict>
					<key>1B5B9630195CF70A006827F1</key>
					<dict>
						<key>TestTargetID</key>
						<string>1B5B960F195CF70A006827F1</string>
					</dict>
				</dict>
			</dict>
			<key>buildConfigurationList</key>
			<string>1B5B960B195CF70A006827F1</string>
			<key>compatibilityVersion</key>
			<string>Xcode 3.2</string>
			<key>developmentRegion</key>
			<string>English</string>
			<key>hasScannedForEncodings</key>
			<string>0</string>
			<key>isa</key>
			<string>PBXProject</string>
			<key>knownRegions</key>
			<array>
				<string>en</string>
				<string>Base</string>
			</array>
			<key>mainGroup</key>
			<string>1B5B9607195CF70A006827F1</string>
			<key>productRefGroup</key>
			<string>1B5B9611195CF70A006827F1</string>
			<key>projectDirPath</key>
			<string></string>
			<key>projectReferences</key>
			<array/>
			<key>projectRoot</key>
			<string></string>
			<key>targets</key>
			<array>
				<string>1B5B960F195CF70A006827F1</string>
				<string>1B5B9630195CF70A006827F1</string>
			</array>
		</dict>
		<key>1B5B960B195CF70A006827F1</key>
		<dict>
			<key>buildConfigurations</key>
			<array>
				<string>1B5B9640195CF70A006827F1</string>
				<string>1B5B9641195CF70A006827F1</string>
			</array>
			<key>defaultConfigurationIsVisible</key>
			<string>0</string>
			<key>defaultConfigurationName</key>
			<string>Release</string>
			<key>isa</key>
			<string>XCConfigurationList</string>
		</dict>
		<key>1B5B960C195CF70A006827F1</key>
		<dict>
			<key>buildActionMask</key>
			<string>2147483647</string>
			<key>files</key>
			<array>
				<string>1B5B965A195D6263006827F1</string>
				<string>1B5B964A195CF7AE006827F1</string>
				<string>1B5B9650195CFA52006827F1</string>
				<string>1B5B964D195CF93E006827F1</string>
				<string>1B5B962A195CF70A006827F1</string>
				<string>1B5B9624195CF70A006827F1</string>
				<string>1B5B9620195CF70A006827F1</string>
				<string>1B5B9657195CFFA7006827F1</string>
			</array>
			<key>isa</key>
			<string>PBXSourcesBuildPhase</string>
			<key>runOnlyForDeploymentPostprocessing</key>
			<string>0</string>
		</dict>
		<key>1B5B960D195CF70A006827F1</key>
		<dict>
			<key>buildActionMask</key>
			<string>2147483647</string>
			<key>files</key>
			<array>
				<string>1B5B9616195CF70A006827F1</string>
				<string>1B5B9618195CF70A006827F1</string>
				<string>1B5B9614195CF70A006827F1</string>
				<string>FC532EFE08EE4F7E907831A4</string>
			</array>
			<key>isa</key>
			<string>PBXFrameworksBuildPhase</string>
			<key>runOnlyForDeploymentPostprocessing</key>
			<string>0</string>
		</dict>
		<key>1B5B960E195CF70A006827F1</key>
		<dict>
			<key>buildActionMask</key>
			<string>2147483647</string>
			<key>files</key>
			<array>
				<string>1B5B9653195CFBE9006827F1</string>
				<string>1B5B962C195CF70A006827F1</string>
				<string>1B5B961E195CF70A006827F1</string>
				<string>1B5B9627195CF70A006827F1</string>
			</array>
			<key>isa</key>
			<string>PBXResourcesBuildPhase</string>
			<key>runOnlyForDeploymentPostprocessing</key>
			<string>0</string>
		</dict>
		<key>1B5B960F195CF70A006827F1</key>
		<dict>
			<key>buildConfigurationList</key>
			<string>1B5B9642195CF70A006827F1</string>
			<key>buildPhases</key>
			<array>
				<string>C792E1F67C12465886EEE5C5</string>
				<string>1B5B960C195CF70A006827F1</string>
				<string>1B5B960D195CF70A006827F1</string>
				<string>1B5B960E195CF70A006827F1</string>
				<string>D6551AEF33FE4CF7B0C6BB76</string>
			</array>
			<key>buildRules</key>
			<array/>
			<key>dependencies</key>
			<array/>
			<key>isa</key>
			<string>PBXNativeTarget</string>
			<key>name</key>
			<string>PhotoSnsApp</string>
			<key>productName</key>
			<string>PhotoSnsApp</string>
			<key>productReference</key>
			<string>1B5B9610195CF70A006827F1</string>
			<key>productType</key>
			<string>com.apple.product-type.application</string>
		</dict>
		<key>1B5B9610195CF70A006827F1</key>
		<dict>
			<key>explicitFileType</key>
			<string>wrapper.application</string>
			<key>includeInIndex</key>
			<string>0</string>
			<key>isa</key>
			<string>PBXFileReference</string>
			<key>path</key>
			<string>PhotoSnsApp.app</string>
			<key>sourceTree</key>
			<string>BUILT_PRODUCTS_DIR</string>
		</dict>
		<key>1B5B9611195CF70A006827F1</key>
		<dict>
			<key>children</key>
			<array>
				<string>1B5B9610195CF70A006827F1</string>
				<string>1B5B9631195CF70A006827F1</string>
			</array>
			<key>isa</key>
			<string>PBXGroup</string>
			<key>name</key>
			<string>Products</string>
			<key>sourceTree</key>
			<string>&lt;group&gt;</string>
		</dict>
		<key>1B5B9612195CF70A006827F1</key>
		<dict>
			<key>children</key>
			<array>
				<string>1B5B9613195CF70A006827F1</string>
				<string>1B5B9615195CF70A006827F1</string>
				<string>1B5B9617195CF70A006827F1</string>
				<string>1B5B9632195CF70A006827F1</string>
				<string>BCA0953507384F82B68C36E9</string>
			</array>
			<key>isa</key>
			<string>PBXGroup</string>
			<key>name</key>
			<string>Frameworks</string>
			<key>sourceTree</key>
			<string>&lt;group&gt;</string>
		</dict>
		<key>1B5B9613195CF70A006827F1</key>
		<dict>
			<key>isa</key>
			<string>PBXFileReference</string>
			<key>lastKnownFileType</key>
			<string>wrapper.framework</string>
			<key>name</key>
			<string>Foundation.framework</string>
			<key>path</key>
			<string>System/Library/Frameworks/Foundation.framework</string>
			<key>sourceTree</key>
			<string>SDKROOT</string>
		</dict>
		<key>1B5B9614195CF70A006827F1</key>
		<dict>
			<key>fileRef</key>
			<string>1B5B9613195CF70A006827F1</string>
			<key>isa</key>
			<string>PBXBuildFile</string>
		</dict>
		<key>1B5B9615195CF70A006827F1</key>
		<dict>
			<key>isa</key>
			<string>PBXFileReference</string>
			<key>lastKnownFileType</key>
			<string>wrapper.framework</string>
			<key>name</key>
			<string>CoreGraphics.framework</string>
			<key>path</key>
			<string>System/Library/Frameworks/CoreGraphics.framework</string>
			<key>sourceTree</key>
			<string>SDKROOT</string>
		</dict>
		<key>1B5B9616195CF70A006827F1</key>
		<dict>
			<key>fileRef</key>
			<string>1B5B9615195CF70A006827F1</string>
			<key>isa</key>
			<string>PBXBuildFile</string>
		</dict>
		<key>1B5B9617195CF70A006827F1</key>
		<dict>
			<key>isa</key>
			<string>PBXFileReference</string>
			<key>lastKnownFileType</key>
			<string>wrapper.framework</string>
			<key>name</key>
			<string>UIKit.framework</string>
			<key>path</key>
			<string>System/Library/Frameworks/UIKit.framework</string>
			<key>sourceTree</key>
			<string>SDKROOT</string>
		</dict>
		<key>1B5B9618195CF70A006827F1</key>
		<dict>
			<key>fileRef</key>
			<string>1B5B9617195CF70A006827F1</string>
			<key>isa</key>
			<string>PBXBuildFile</string>
		</dict>
		<key>1B5B9619195CF70A006827F1</key>
		<dict>
			<key>children</key>
			<array>
				<string>1B5B9622195CF70A006827F1</string>
				<string>1B5B9623195CF70A006827F1</string>
				<string>1B5B9625195CF70A006827F1</string>
				<string>1B5B9648195CF7AE006827F1</string>
				<string>1B5B9649195CF7AE006827F1</string>
				<string>1B5B9628195CF70A006827F1</string>
				<string>1B5B9629195CF70A006827F1</string>
				<string>1B5B9655195CFFA7006827F1</string>
				<string>1B5B9656195CFFA7006827F1</string>
				<string>1B5B9658195D6263006827F1</string>
				<string>1B5B9659195D6263006827F1</string>
				<string>1B5B964B195CF93E006827F1</string>
				<string>1B5B964C195CF93E006827F1</string>
				<string>1B5B964E195CFA52006827F1</string>
				<string>1B5B964F195CFA52006827F1</string>
				<string>1B5B962B195CF70A006827F1</string>
				<string>1B5B961A195CF70A006827F1</string>
			</array>
			<key>isa</key>
			<string>PBXGroup</string>
			<key>path</key>
			<string>PhotoSnsApp</string>
			<key>sourceTree</key>
			<string>&lt;group&gt;</string>
		</dict>
		<key>1B5B961A195CF70A006827F1</key>
		<dict>
			<key>children</key>
			<array>
				<string>1B5B9652195CFBE9006827F1</string>
				<string>1B5B961B195CF70A006827F1</string>
				<string>1B5B961C195CF70A006827F1</string>
				<string>1B5B961F195CF70A006827F1</string>
				<string>1B5B9621195CF70A006827F1</string>
			</array>
			<key>isa</key>
			<string>PBXGroup</string>
			<key>name</key>
			<string>Supporting Files</string>
			<key>sourceTree</key>
			<string>&lt;group&gt;</string>
		</dict>
		<key>1B5B961B195CF70A006827F1</key>
		<dict>
			<key>isa</key>
			<string>PBXFileReference</string>
			<key>lastKnownFileType</key>
			<string>text.plist.xml</string>
			<key>path</key>
			<string>PhotoSnsApp-Info.plist</string>
			<key>sourceTree</key>
			<string>&lt;group&gt;</string>
		</dict>
		<key>1B5B961C195CF70A006827F1</key>
		<dict>
			<key>children</key>
			<array>
				<string>1B5B961D195CF70A006827F1</string>
			</array>
			<key>isa</key>
			<string>PBXVariantGroup</string>
			<key>name</key>
			<string>InfoPlist.strings</string>
			<key>sourceTree</key>
			<string>&lt;group&gt;</string>
		</dict>
		<key>1B5B961D195CF70A006827F1</key>
		<dict>
			<key>isa</key>
			<string>PBXFileReference</string>
			<key>lastKnownFileType</key>
			<string>text.plist.strings</string>
			<key>name</key>
			<string>en</string>
			<key>path</key>
			<string>en.lproj/InfoPlist.strings</string>
			<key>sourceTree</key>
			<string>&lt;group&gt;</string>
		</dict>
		<key>1B5B961E195CF70A006827F1</key>
		<dict>
			<key>fileRef</key>
			<string>1B5B961C195CF70A006827F1</string>
			<key>isa</key>
			<string>PBXBuildFile</string>
		</dict>
		<key>1B5B961F195CF70A006827F1</key>
		<dict>
			<key>isa</key>
			<string>PBXFileReference</string>
			<key>lastKnownFileType</key>
			<string>sourcecode.c.objc</string>
			<key>path</key>
			<string>main.m</string>
			<key>sourceTree</key>
			<string>&lt;group&gt;</string>
		</dict>
		<key>1B5B9620195CF70A006827F1</key>
		<dict>
			<key>fileRef</key>
			<string>1B5B961F195CF70A006827F1</string>
			<key>isa</key>
			<string>PBXBuildFile</string>
		</dict>
		<key>1B5B9621195CF70A006827F1</key>
		<dict>
			<key>isa</key>
			<string>PBXFileReference</string>
			<key>lastKnownFileType</key>
			<string>sourcecode.c.h</string>
			<key>path</key>
			<string>PhotoSnsApp-Prefix.pch</string>
			<key>sourceTree</key>
			<string>&lt;group&gt;</string>
		</dict>
		<key>1B5B9622195CF70A006827F1</key>
		<dict>
			<key>isa</key>
			<string>PBXFileReference</string>
			<key>lastKnownFileType</key>
			<string>sourcecode.c.h</string>
			<key>path</key>
			<string>AppDelegate.h</string>
			<key>sourceTree</key>
			<string>&lt;group&gt;</string>
		</dict>
		<key>1B5B9623195CF70A006827F1</key>
		<dict>
			<key>isa</key>
			<string>PBXFileReference</string>
			<key>lastKnownFileType</key>
			<string>sourcecode.c.objc</string>
			<key>path</key>
			<string>AppDelegate.m</string>
			<key>sourceTree</key>
			<string>&lt;group&gt;</string>
		</dict>
		<key>1B5B9624195CF70A006827F1</key>
		<dict>
			<key>fileRef</key>
			<string>1B5B9623195CF70A006827F1</string>
			<key>isa</key>
			<string>PBXBuildFile</string>
		</dict>
		<key>1B5B9625195CF70A006827F1</key>
		<dict>
			<key>children</key>
			<array>
				<string>1B5B9626195CF70A006827F1</string>
			</array>
			<key>isa</key>
			<string>PBXVariantGroup</string>
			<key>name</key>
			<string>Main.storyboard</string>
			<key>sourceTree</key>
			<string>&lt;group&gt;</string>
		</dict>
		<key>1B5B9626195CF70A006827F1</key>
		<dict>
			<key>isa</key>
			<string>PBXFileReference</string>
			<key>lastKnownFileType</key>
			<string>file.storyboard</string>
			<key>name</key>
			<string>Base</string>
			<key>path</key>
			<string>Base.lproj/Main.storyboard</string>
			<key>sourceTree</key>
			<string>&lt;group&gt;</string>
		</dict>
		<key>1B5B9627195CF70A006827F1</key>
		<dict>
			<key>fileRef</key>
			<string>1B5B9625195CF70A006827F1</string>
			<key>isa</key>
			<string>PBXBuildFile</string>
		</dict>
		<key>1B5B9628195CF70A006827F1</key>
		<dict>
			<key>isa</key>
			<string>PBXFileReference</string>
			<key>lastKnownFileType</key>
			<string>sourcecode.c.h</string>
			<key>path</key>
			<string>PostViewController.h</string>
			<key>sourceTree</key>
			<string>&lt;group&gt;</string>
		</dict>
		<key>1B5B9629195CF70A006827F1</key>
		<dict>
			<key>isa</key>
			<string>PBXFileReference</string>
			<key>lastKnownFileType</key>
			<string>sourcecode.c.objc</string>
			<key>path</key>
			<string>PostViewController.m</string>
			<key>sourceTree</key>
			<string>&lt;group&gt;</string>
		</dict>
		<key>1B5B962A195CF70A006827F1</key>
		<dict>
			<key>fileRef</key>
			<string>1B5B9629195CF70A006827F1</string>
			<key>isa</key>
			<string>PBXBuildFile</string>
		</dict>
		<key>1B5B962B195CF70A006827F1</key>
		<dict>
			<key>isa</key>
			<string>PBXFileReference</string>
			<key>lastKnownFileType</key>
			<string>folder.assetcatalog</string>
			<key>path</key>
			<string>Images.xcassets</string>
			<key>sourceTree</key>
			<string>&lt;group&gt;</string>
		</dict>
		<key>1B5B962C195CF70A006827F1</key>
		<dict>
			<key>fileRef</key>
			<string>1B5B962B195CF70A006827F1</string>
			<key>isa</key>
			<string>PBXBuildFile</string>
		</dict>
		<key>1B5B962D195CF70A006827F1</key>
		<dict>
			<key>buildActionMask</key>
			<string>2147483647</string>
			<key>files</key>
			<array>
				<string>1B5B963F195CF70A006827F1</string>
				<string>1B5B9651195CFA52006827F1</string>
			</array>
			<key>isa</key>
			<string>PBXSourcesBuildPhase</string>
			<key>runOnlyForDeploymentPostprocessing</key>
			<string>0</string>
		</dict>
		<key>1B5B962E195CF70A006827F1</key>
		<dict>
			<key>buildActionMask</key>
			<string>2147483647</string>
			<key>files</key>
			<array>
				<string>1B5B9633195CF70A006827F1</string>
				<string>1B5B9635195CF70A006827F1</string>
				<string>1B5B9634195CF70A006827F1</string>
			</array>
			<key>isa</key>
			<string>PBXFrameworksBuildPhase</string>
			<key>runOnlyForDeploymentPostprocessing</key>
			<string>0</string>
		</dict>
		<key>1B5B962F195CF70A006827F1</key>
		<dict>
			<key>buildActionMask</key>
			<string>2147483647</string>
			<key>files</key>
			<array>
				<string>1B5B9654195CFBE9006827F1</string>
				<string>1B5B963D195CF70A006827F1</string>
			</array>
			<key>isa</key>
			<string>PBXResourcesBuildPhase</string>
			<key>runOnlyForDeploymentPostprocessing</key>
			<string>0</string>
		</dict>
		<key>1B5B9630195CF70A006827F1</key>
		<dict>
			<key>buildConfigurationList</key>
			<string>1B5B9645195CF70A006827F1</string>
			<key>buildPhases</key>
			<array>
				<string>1B5B962D195CF70A006827F1</string>
				<string>1B5B962E195CF70A006827F1</string>
				<string>1B5B962F195CF70A006827F1</string>
			</array>
			<key>buildRules</key>
			<array/>
			<key>dependencies</key>
			<array>
				<string>1B5B9637195CF70A006827F1</string>
			</array>
			<key>isa</key>
			<string>PBXNativeTarget</string>
			<key>name</key>
			<string>PhotoSnsAppTests</string>
			<key>productName</key>
			<string>PhotoSnsAppTests</string>
			<key>productReference</key>
			<string>1B5B9631195CF70A006827F1</string>
			<key>productType</key>
			<string>com.apple.product-type.bundle.unit-test</string>
		</dict>
		<key>1B5B9631195CF70A006827F1</key>
		<dict>
			<key>explicitFileType</key>
			<string>wrapper.cfbundle</string>
			<key>includeInIndex</key>
			<string>0</string>
			<key>isa</key>
			<string>PBXFileReference</string>
			<key>path</key>
			<string>PhotoSnsAppTests.xctest</string>
			<key>sourceTree</key>
			<string>BUILT_PRODUCTS_DIR</string>
		</dict>
		<key>1B5B9632195CF70A006827F1</key>
		<dict>
			<key>isa</key>
			<string>PBXFileReference</string>
			<key>lastKnownFileType</key>
			<string>wrapper.framework</string>
			<key>name</key>
			<string>XCTest.framework</string>
			<key>path</key>
			<string>Library/Frameworks/XCTest.framework</string>
			<key>sourceTree</key>
			<string>DEVELOPER_DIR</string>
		</dict>
		<key>1B5B9633195CF70A006827F1</key>
		<dict>
			<key>fileRef</key>
			<string>1B5B9632195CF70A006827F1</string>
			<key>isa</key>
			<string>PBXBuildFile</string>
		</dict>
		<key>1B5B9634195CF70A006827F1</key>
		<dict>
			<key>fileRef</key>
			<string>1B5B9613195CF70A006827F1</string>
			<key>isa</key>
			<string>PBXBuildFile</string>
		</dict>
		<key>1B5B9635195CF70A006827F1</key>
		<dict>
			<key>fileRef</key>
			<string>1B5B9617195CF70A006827F1</string>
			<key>isa</key>
			<string>PBXBuildFile</string>
		</dict>
		<key>1B5B9636195CF70A006827F1</key>
		<dict>
			<key>containerPortal</key>
			<string>1B5B9608195CF70A006827F1</string>
			<key>isa</key>
			<string>PBXContainerItemProxy</string>
			<key>proxyType</key>
			<string>1</string>
			<key>remoteGlobalIDString</key>
			<string>1B5B960F195CF70A006827F1</string>
			<key>remoteInfo</key>
			<string>PhotoSnsApp</string>
		</dict>
		<key>1B5B9637195CF70A006827F1</key>
		<dict>
			<key>isa</key>
			<string>PBXTargetDependency</string>
			<key>target</key>
			<string>1B5B960F195CF70A006827F1</string>
			<key>targetProxy</key>
			<string>1B5B9636195CF70A006827F1</string>
		</dict>
		<key>1B5B9638195CF70A006827F1</key>
		<dict>
			<key>children</key>
			<array>
				<string>1B5B963E195CF70A006827F1</string>
				<string>1B5B9639195CF70A006827F1</string>
			</array>
			<key>isa</key>
			<string>PBXGroup</string>
			<key>path</key>
			<string>PhotoSnsAppTests</string>
			<key>sourceTree</key>
			<string>&lt;group&gt;</string>
		</dict>
		<key>1B5B9639195CF70A006827F1</key>
		<dict>
			<key>children</key>
			<array>
				<string>1B5B963A195CF70A006827F1</string>
				<string>1B5B963B195CF70A006827F1</string>
			</array>
			<key>isa</key>
			<string>PBXGroup</string>
			<key>name</key>
			<string>Supporting Files</string>
			<key>sourceTree</key>
			<string>&lt;group&gt;</string>
		</dict>
		<key>1B5B963A195CF70A006827F1</key>
		<dict>
			<key>isa</key>
			<string>PBXFileReference</string>
			<key>lastKnownFileType</key>
			<string>text.plist.xml</string>
			<key>path</key>
			<string>PhotoSnsAppTests-Info.plist</string>
			<key>sourceTree</key>
			<string>&lt;group&gt;</string>
		</dict>
		<key>1B5B963B195CF70A006827F1</key>
		<dict>
			<key>children</key>
			<array>
				<string>1B5B963C195CF70A006827F1</string>
			</array>
			<key>isa</key>
			<string>PBXVariantGroup</string>
			<key>name</key>
			<string>InfoPlist.strings</string>
			<key>sourceTree</key>
			<string>&lt;group&gt;</string>
		</dict>
		<key>1B5B963C195CF70A006827F1</key>
		<dict>
			<key>isa</key>
			<string>PBXFileReference</string>
			<key>lastKnownFileType</key>
			<string>text.plist.strings</string>
			<key>name</key>
			<string>en</string>
			<key>path</key>
			<string>en.lproj/InfoPlist.strings</string>
			<key>sourceTree</key>
			<string>&lt;group&gt;</string>
		</dict>
		<key>1B5B963D195CF70A006827F1</key>
		<dict>
			<key>fileRef</key>
			<string>1B5B963B195CF70A006827F1</string>
			<key>isa</key>
			<string>PBXBuildFile</string>
		</dict>
		<key>1B5B963E195CF70A006827F1</key>
		<dict>
			<key>isa</key>
			<string>PBXFileReference</string>
			<key>lastKnownFileType</key>
			<string>sourcecode.c.objc</string>
			<key>path</key>
			<string>PhotoSnsAppTests.m</string>
			<key>sourceTree</key>
			<string>&lt;group&gt;</string>
		</dict>
		<key>1B5B963F195CF70A006827F1</key>
		<dict>
			<key>fileRef</key>
			<string>1B5B963E195CF70A006827F1</string>
			<key>isa</key>
			<string>PBXBuildFile</string>
		</dict>
		<key>1B5B9640195CF70A006827F1</key>
		<dict>
			<key>buildSettings</key>
			<dict>
				<key>ALWAYS_SEARCH_USER_PATHS</key>
				<string>NO</string>
				<key>CLANG_CXX_LANGUAGE_STANDARD</key>
				<string>gnu++0x</string>
				<key>CLANG_CXX_LIBRARY</key>
				<string>libc++</string>
				<key>CLANG_ENABLE_MODULES</key>
				<string>YES</string>
				<key>CLANG_ENABLE_OBJC_ARC</key>
				<string>YES</string>
				<key>CLANG_WARN_BOOL_CONVERSION</key>
				<string>YES</string>
				<key>CLANG_WARN_CONSTANT_CONVERSION</key>
				<string>YES</string>
				<key>CLANG_WARN_DIRECT_OBJC_ISA_USAGE</key>
				<string>YES_ERROR</string>
				<key>CLANG_WARN_EMPTY_BODY</key>
				<string>YES</string>
				<key>CLANG_WARN_ENUM_CONVERSION</key>
				<string>YES</string>
				<key>CLANG_WARN_INT_CONVERSION</key>
				<string>YES</string>
				<key>CLANG_WARN_OBJC_ROOT_CLASS</key>
				<string>YES_ERROR</string>
				<key>CLANG_WARN__DUPLICATE_METHOD_MATCH</key>
				<string>YES</string>
				<key>CODE_SIGN_IDENTITY[sdk=iphoneos*]</key>
				<string>iPhone Developer</string>
				<key>COPY_PHASE_STRIP</key>
				<string>NO</string>
				<key>GCC_C_LANGUAGE_STANDARD</key>
				<string>gnu99</string>
				<key>GCC_DYNAMIC_NO_PIC</key>
				<string>NO</string>
				<key>GCC_OPTIMIZATION_LEVEL</key>
				<string>0</string>
				<key>GCC_PREPROCESSOR_DEFINITIONS</key>
				<array>
					<string>DEBUG=1</string>
					<string>$(inherited)</string>
				</array>
				<key>GCC_SYMBOLS_PRIVATE_EXTERN</key>
				<string>NO</string>
				<key>GCC_WARN_64_TO_32_BIT_CONVERSION</key>
				<string>YES</string>
				<key>GCC_WARN_ABOUT_RETURN_TYPE</key>
				<string>YES_ERROR</string>
				<key>GCC_WARN_UNDECLARED_SELECTOR</key>
				<string>YES</string>
				<key>GCC_WARN_UNINITIALIZED_AUTOS</key>
				<string>YES_AGGRESSIVE</string>
				<key>GCC_WARN_UNUSED_FUNCTION</key>
				<string>YES</string>
				<key>GCC_WARN_UNUSED_VARIABLE</key>
				<string>YES</string>
				<key>IPHONEOS_DEPLOYMENT_TARGET</key>
				<string>7.1</string>
				<key>ONLY_ACTIVE_ARCH</key>
				<string>YES</string>
				<key>SDKROOT</key>
				<string>iphoneos</string>
			</dict>
			<key>isa</key>
			<string>XCBuildConfiguration</string>
			<key>name</key>
			<string>Debug</string>
		</dict>
		<key>1B5B9641195CF70A006827F1</key>
		<dict>
			<key>buildSettings</key>
			<dict>
				<key>ALWAYS_SEARCH_USER_PATHS</key>
				<string>NO</string>
				<key>CLANG_CXX_LANGUAGE_STANDARD</key>
				<string>gnu++0x</string>
				<key>CLANG_CXX_LIBRARY</key>
				<string>libc++</string>
				<key>CLANG_ENABLE_MODULES</key>
				<string>YES</string>
				<key>CLANG_ENABLE_OBJC_ARC</key>
				<string>YES</string>
				<key>CLANG_WARN_BOOL_CONVERSION</key>
				<string>YES</string>
				<key>CLANG_WARN_CONSTANT_CONVERSION</key>
				<string>YES</string>
				<key>CLANG_WARN_DIRECT_OBJC_ISA_USAGE</key>
				<string>YES_ERROR</string>
				<key>CLANG_WARN_EMPTY_BODY</key>
				<string>YES</string>
				<key>CLANG_WARN_ENUM_CONVERSION</key>
				<string>YES</string>
				<key>CLANG_WARN_INT_CONVERSION</key>
				<string>YES</string>
				<key>CLANG_WARN_OBJC_ROOT_CLASS</key>
				<string>YES_ERROR</string>
				<key>CLANG_WARN__DUPLICATE_METHOD_MATCH</key>
				<string>YES</string>
				<key>CODE_SIGN_IDENTITY[sdk=iphoneos*]</key>
				<string>iPhone Developer</string>
				<key>COPY_PHASE_STRIP</key>
				<string>YES</string>
				<key>ENABLE_NS_ASSERTIONS</key>
				<string>NO</string>
				<key>GCC_C_LANGUAGE_STANDARD</key>
				<string>gnu99</string>
				<key>GCC_WARN_64_TO_32_BIT_CONVERSION</key>
				<string>YES</string>
				<key>GCC_WARN_ABOUT_RETURN_TYPE</key>
				<string>YES_ERROR</string>
				<key>GCC_WARN_UNDECLARED_SELECTOR</key>
				<string>YES</string>
				<key>GCC_WARN_UNINITIALIZED_AUTOS</key>
				<string>YES_AGGRESSIVE</string>
				<key>GCC_WARN_UNUSED_FUNCTION</key>
				<string>YES</string>
				<key>GCC_WARN_UNUSED_VARIABLE</key>
				<string>YES</string>
				<key>IPHONEOS_DEPLOYMENT_TARGET</key>
				<string>7.1</string>
				<key>SDKROOT</key>
				<string>iphoneos</string>
				<key>VALIDATE_PRODUCT</key>
				<string>YES</string>
			</dict>
			<key>isa</key>
			<string>XCBuildConfiguration</string>
			<key>name</key>
			<string>Release</string>
		</dict>
		<key>1B5B9642195CF70A006827F1</key>
		<dict>
			<key>buildConfigurations</key>
			<array>
				<string>1B5B9643195CF70A006827F1</string>
				<string>1B5B9644195CF70A006827F1</string>
			</array>
			<key>defaultConfigurationIsVisible</key>
			<string>0</string>
			<key>defaultConfigurationName</key>
			<string>Release</string>
			<key>isa</key>
			<string>XCConfigurationList</string>
		</dict>
		<key>1B5B9643195CF70A006827F1</key>
		<dict>
			<key>baseConfigurationReference</key>
			<string>0449FE6C0AB6BA4C6E143CCC</string>
			<key>buildSettings</key>
			<dict>
				<key>ASSETCATALOG_COMPILER_APPICON_NAME</key>
				<string>AppIcon</string>
				<key>ASSETCATALOG_COMPILER_LAUNCHIMAGE_NAME</key>
				<string>LaunchImage</string>
				<key>GCC_PRECOMPILE_PREFIX_HEADER</key>
				<string>YES</string>
				<key>GCC_PREFIX_HEADER</key>
				<string>PhotoSnsApp/PhotoSnsApp-Prefix.pch</string>
				<key>INFOPLIST_FILE</key>
				<string>PhotoSnsApp/PhotoSnsApp-Info.plist</string>
				<key>PRODUCT_NAME</key>
				<string>$(TARGET_NAME)</string>
				<key>WRAPPER_EXTENSION</key>
				<string>app</string>
			</dict>
			<key>isa</key>
			<string>XCBuildConfiguration</string>
			<key>name</key>
			<string>Debug</string>
		</dict>
		<key>1B5B9644195CF70A006827F1</key>
		<dict>
			<key>baseConfigurationReference</key>
			<string>AB47DCC63231A87D5BA9C6D7</string>
			<key>buildSettings</key>
			<dict>
				<key>ASSETCATALOG_COMPILER_APPICON_NAME</key>
				<string>AppIcon</string>
				<key>ASSETCATALOG_COMPILER_LAUNCHIMAGE_NAME</key>
				<string>LaunchImage</string>
				<key>GCC_PRECOMPILE_PREFIX_HEADER</key>
				<string>YES</string>
				<key>GCC_PREFIX_HEADER</key>
				<string>PhotoSnsApp/PhotoSnsApp-Prefix.pch</string>
				<key>INFOPLIST_FILE</key>
				<string>PhotoSnsApp/PhotoSnsApp-Info.plist</string>
				<key>PRODUCT_NAME</key>
				<string>$(TARGET_NAME)</string>
				<key>WRAPPER_EXTENSION</key>
				<string>app</string>
			</dict>
			<key>isa</key>
			<string>XCBuildConfiguration</string>
			<key>name</key>
			<string>Release</string>
		</dict>
		<key>1B5B9645195CF70A006827F1</key>
		<dict>
			<key>buildConfigurations</key>
			<array>
				<string>1B5B9646195CF70A006827F1</string>
				<string>1B5B9647195CF70A006827F1</string>
			</array>
			<key>defaultConfigurationIsVisible</key>
			<string>0</string>
			<key>defaultConfigurationName</key>
			<string>Release</string>
			<key>isa</key>
			<string>XCConfigurationList</string>
		</dict>
		<key>1B5B9646195CF70A006827F1</key>
		<dict>
			<key>buildSettings</key>
			<dict>
				<key>BUNDLE_LOADER</key>
				<string>$(BUILT_PRODUCTS_DIR)/PhotoSnsApp.app/PhotoSnsApp</string>
				<key>FRAMEWORK_SEARCH_PATHS</key>
				<array>
					<string>$(SDKROOT)/Developer/Library/Frameworks</string>
					<string>$(inherited)</string>
					<string>$(DEVELOPER_FRAMEWORKS_DIR)</string>
				</array>
				<key>GCC_PRECOMPILE_PREFIX_HEADER</key>
				<string>YES</string>
				<key>GCC_PREFIX_HEADER</key>
				<string>PhotoSnsApp/PhotoSnsApp-Prefix.pch</string>
				<key>GCC_PREPROCESSOR_DEFINITIONS</key>
				<array>
					<string>DEBUG=1</string>
					<string>$(inherited)</string>
				</array>
				<key>INFOPLIST_FILE</key>
				<string>PhotoSnsAppTests/PhotoSnsAppTests-Info.plist</string>
				<key>PRODUCT_NAME</key>
				<string>$(TARGET_NAME)</string>
				<key>TEST_HOST</key>
				<string>$(BUNDLE_LOADER)</string>
				<key>WRAPPER_EXTENSION</key>
				<string>xctest</string>
			</dict>
			<key>isa</key>
			<string>XCBuildConfiguration</string>
			<key>name</key>
			<string>Debug</string>
		</dict>
		<key>1B5B9647195CF70A006827F1</key>
		<dict>
			<key>buildSettings</key>
			<dict>
				<key>BUNDLE_LOADER</key>
				<string>$(BUILT_PRODUCTS_DIR)/PhotoSnsApp.app/PhotoSnsApp</string>
				<key>FRAMEWORK_SEARCH_PATHS</key>
				<array>
					<string>$(SDKROOT)/Developer/Library/Frameworks</string>
					<string>$(inherited)</string>
					<string>$(DEVELOPER_FRAMEWORKS_DIR)</string>
				</array>
				<key>GCC_PRECOMPILE_PREFIX_HEADER</key>
				<string>YES</string>
				<key>GCC_PREFIX_HEADER</key>
				<string>PhotoSnsApp/PhotoSnsApp-Prefix.pch</string>
				<key>INFOPLIST_FILE</key>
				<string>PhotoSnsAppTests/PhotoSnsAppTests-Info.plist</string>
				<key>PRODUCT_NAME</key>
				<string>$(TARGET_NAME)</string>
				<key>TEST_HOST</key>
				<string>$(BUNDLE_LOADER)</string>
				<key>WRAPPER_EXTENSION</key>
				<string>xctest</string>
			</dict>
			<key>isa</key>
			<string>XCBuildConfiguration</string>
			<key>name</key>
			<string>Release</string>
		</dict>
		<key>1B5B9648195CF7AE006827F1</key>
		<dict>
			<key>fileEncoding</key>
			<string>4</string>
			<key>isa</key>
			<string>PBXFileReference</string>
			<key>lastKnownFileType</key>
			<string>sourcecode.c.h</string>
			<key>path</key>
			<string>MasterViewController.h</string>
			<key>sourceTree</key>
			<string>&lt;group&gt;</string>
		</dict>
		<key>1B5B9649195CF7AE006827F1</key>
		<dict>
			<key>fileEncoding</key>
			<string>4</string>
			<key>isa</key>
			<string>PBXFileReference</string>
			<key>lastKnownFileType</key>
			<string>sourcecode.c.objc</string>
			<key>path</key>
			<string>MasterViewController.m</string>
			<key>sourceTree</key>
			<string>&lt;group&gt;</string>
		</dict>
		<key>1B5B964A195CF7AE006827F1</key>
		<dict>
			<key>fileRef</key>
			<string>1B5B9649195CF7AE006827F1</string>
			<key>isa</key>
			<string>PBXBuildFile</string>
		</dict>
		<key>1B5B964B195CF93E006827F1</key>
		<dict>
			<key>fileEncoding</key>
			<string>4</string>
			<key>isa</key>
			<string>PBXFileReference</string>
			<key>lastKnownFileType</key>
			<string>sourcecode.c.h</string>
			<key>path</key>
			<string>PhotoCell.h</string>
			<key>sourceTree</key>
			<string>&lt;group&gt;</string>
		</dict>
		<key>1B5B964C195CF93E006827F1</key>
		<dict>
			<key>fileEncoding</key>
			<string>4</string>
			<key>isa</key>
			<string>PBXFileReference</string>
			<key>lastKnownFileType</key>
			<string>sourcecode.c.objc</string>
			<key>path</key>
			<string>PhotoCell.m</string>
			<key>sourceTree</key>
			<string>&lt;group&gt;</string>
		</dict>
		<key>1B5B964D195CF93E006827F1</key>
		<dict>
			<key>fileRef</key>
			<string>1B5B964C195CF93E006827F1</string>
			<key>isa</key>
			<string>PBXBuildFile</string>
		</dict>
		<key>1B5B964E195CFA52006827F1</key>
		<dict>
			<key>fileEncoding</key>
			<string>4</string>
			<key>isa</key>
			<string>PBXFileReference</string>
			<key>lastKnownFileType</key>
			<string>sourcecode.c.h</string>
			<key>path</key>
			<string>Post.h</string>
			<key>sourceTree</key>
			<string>&lt;group&gt;</string>
		</dict>
		<key>1B5B964F195CFA52006827F1</key>
		<dict>
			<key>fileEncoding</key>
			<string>4</string>
			<key>isa</key>
			<string>PBXFileReference</string>
			<key>lastKnownFileType</key>
			<string>sourcecode.c.objc</string>
			<key>path</key>
			<string>Post.m</string>
			<key>sourceTree</key>
			<string>&lt;group&gt;</string>
		</dict>
		<key>1B5B9650195CFA52006827F1</key>
		<dict>
			<key>fileRef</key>
			<string>1B5B964F195CFA52006827F1</string>
			<key>isa</key>
			<string>PBXBuildFile</string>
		</dict>
		<key>1B5B9651195CFA52006827F1</key>
		<dict>
			<key>fileRef</key>
			<string>1B5B964F195CFA52006827F1</string>
			<key>isa</key>
			<string>PBXBuildFile</string>
		</dict>
		<key>1B5B9652195CFBE9006827F1</key>
		<dict>
			<key>isa</key>
			<string>PBXFileReference</string>
			<key>lastKnownFileType</key>
			<string>image.png</string>
			<key>path</key>
			<string>constructocat.png</string>
			<key>sourceTree</key>
			<string>&lt;group&gt;</string>
		</dict>
		<key>1B5B9653195CFBE9006827F1</key>
		<dict>
			<key>fileRef</key>
			<string>1B5B9652195CFBE9006827F1</string>
			<key>isa</key>
			<string>PBXBuildFile</string>
		</dict>
		<key>1B5B9654195CFBE9006827F1</key>
		<dict>
			<key>fileRef</key>
			<string>1B5B9652195CFBE9006827F1</string>
			<key>isa</key>
			<string>PBXBuildFile</string>
		</dict>
		<key>1B5B9655195CFFA7006827F1</key>
		<dict>
			<key>fileEncoding</key>
			<string>4</string>
			<key>isa</key>
			<string>PBXFileReference</string>
			<key>lastKnownFileType</key>
			<string>sourcecode.c.h</string>
			<key>path</key>
			<string>DetailViewController.h</string>
			<key>sourceTree</key>
			<string>&lt;group&gt;</string>
		</dict>
		<key>1B5B9656195CFFA7006827F1</key>
		<dict>
			<key>fileEncoding</key>
			<string>4</string>
			<key>isa</key>
			<string>PBXFileReference</string>
			<key>lastKnownFileType</key>
			<string>sourcecode.c.objc</string>
			<key>path</key>
			<string>DetailViewController.m</string>
			<key>sourceTree</key>
			<string>&lt;group&gt;</string>
		</dict>
		<key>1B5B9657195CFFA7006827F1</key>
		<dict>
			<key>fileRef</key>
			<string>1B5B9656195CFFA7006827F1</string>
			<key>isa</key>
			<string>PBXBuildFile</string>
		</dict>
		<key>1B5B9658195D6263006827F1</key>
		<dict>
			<key>fileEncoding</key>
			<string>4</string>
			<key>isa</key>
			<string>PBXFileReference</string>
			<key>lastKnownFileType</key>
			<string>sourcecode.c.h</string>
			<key>path</key>
			<string>LoginViewController.h</string>
			<key>sourceTree</key>
			<string>&lt;group&gt;</string>
		</dict>
		<key>1B5B9659195D6263006827F1</key>
		<dict>
			<key>fileEncoding</key>
			<string>4</string>
			<key>isa</key>
			<string>PBXFileReference</string>
			<key>lastKnownFileType</key>
			<string>sourcecode.c.objc</string>
			<key>path</key>
			<string>LoginViewController.m</string>
			<key>sourceTree</key>
			<string>&lt;group&gt;</string>
		</dict>
		<key>1B5B965A195D6263006827F1</key>
		<dict>
			<key>fileRef</key>
			<string>1B5B9659195D6263006827F1</string>
			<key>isa</key>
			<string>PBXBuildFile</string>
		</dict>
		<key>7CB79D561AAD9FCAEB60796D</key>
		<dict>
			<key>children</key>
			<array>
				<string>0449FE6C0AB6BA4C6E143CCC</string>
				<string>AB47DCC63231A87D5BA9C6D7</string>
			</array>
			<key>isa</key>
			<string>PBXGroup</string>
			<key>name</key>
			<string>Pods</string>
			<key>sourceTree</key>
			<string>&lt;group&gt;</string>
		</dict>
		<key>AB47DCC63231A87D5BA9C6D7</key>
		<dict>
			<key>includeInIndex</key>
			<string>1</string>
			<key>isa</key>
			<string>PBXFileReference</string>
			<key>lastKnownFileType</key>
			<string>text.xcconfig</string>
			<key>name</key>
			<string>Pods-PhotoSnsApp.release.xcconfig</string>
			<key>path</key>
			<string>Pods/Target Support Files/Pods-PhotoSnsApp/Pods-PhotoSnsApp.release.xcconfig</string>
			<key>sourceTree</key>
			<string>&lt;group&gt;</string>
		</dict>
		<key>BCA0953507384F82B68C36E9</key>
		<dict>
			<key>explicitFileType</key>
			<string>archive.ar</string>
			<key>includeInIndex</key>
			<string>0</string>
			<key>isa</key>
			<string>PBXFileReference</string>
			<key>path</key>
			<string>libPods-PhotoSnsApp.a</string>
			<key>sourceTree</key>
			<string>BUILT_PRODUCTS_DIR</string>
		</dict>
		<key>C792E1F67C12465886EEE5C5</key>
		<dict>
			<key>buildActionMask</key>
			<string>2147483647</string>
			<key>files</key>
			<array/>
			<key>inputPaths</key>
			<array/>
			<key>isa</key>
			<string>PBXShellScriptBuildPhase</string>
			<key>name</key>
			<string>Check Pods Manifest.lock</string>
			<key>outputPaths</key>
			<array/>
			<key>runOnlyForDeploymentPostprocessing</key>
			<string>0</string>
			<key>shellPath</key>
			<string>/bin/sh</string>
			<key>shellScript</key>
			<string>diff "${PODS_ROOT}/../Podfile.lock" "${PODS_ROOT}/Manifest.lock" &gt; /dev/null
if [[ $? != 0 ]] ; then
    cat &lt;&lt; EOM
error: The sandbox is not in sync with the Podfile.lock. Run 'pod install' or update your CocoaPods installation.
EOM
    exit 1
fi
</string>
			<key>showEnvVarsInLog</key>
			<string>0</string>
		</dict>
		<key>D6551AEF33FE4CF7B0C6BB76</key>
		<dict>
			<key>buildActionMask</key>
			<string>2147483647</string>
			<key>files</key>
			<array/>
			<key>inputPaths</key>
			<array/>
			<key>isa</key>
			<string>PBXShellScriptBuildPhase</string>
			<key>name</key>
			<string>Copy Pods Resources</string>
			<key>outputPaths</key>
			<array/>
			<key>runOnlyForDeploymentPostprocessing</key>
			<string>0</string>
			<key>shellPath</key>
			<string>/bin/sh</string>
			<key>shellScript</key>
			<string>"${SRCROOT}/Pods/Target Support Files/Pods-PhotoSnsApp/Pods-PhotoSnsApp-resources.sh"
</string>
			<key>showEnvVarsInLog</key>
			<string>0</string>
		</dict>
		<key>FC532EFE08EE4F7E907831A4</key>
		<dict>
			<key>fileRef</key>
			<string>BCA0953507384F82B68C36E9</string>
			<key>isa</key>
			<string>PBXBuildFile</string>
		</dict>
	</dict>
	<key>rootObject</key>
	<string>1B5B9608195CF70A006827F1</string>
</dict>
</plist>
